
Microsoft Visual Studio Solution File, Format Version 12.00
# Visual Studio Version 16
VisualStudioVersion = 16.0.30104.148
MinimumVisualStudioVersion = 10.0.40219.1
Project("{FAE04EC0-301F-11D3-BF4B-00C04F79EFBC}") = "ApiForza", "ApiForza.csproj", "{F2819469-638D-48E7-ACC1-2AB2F464582D}"
EndProject
Project("{FAE04EC0-301F-11D3-BF4B-00C04F79EFBC}") = "ApiForza.DALL", "..\ApiForza.DALL\ApiForza.DALL.csproj", "{5A02ADB5-3B30-4E23-ABE2-88DC64A1AF7A}"
EndProject
Project("{FAE04EC0-301F-11D3-BF4B-00C04F79EFBC}") = "ApiForza.SLL", "..\ApiForza.SLL\ApiForza.SLL.csproj", "{B5C1DC0B-8CF0-4CC5-996A-652F8FB8353E}"
EndProject
Global
	GlobalSection(SolutionConfigurationPlatforms) = preSolution
		Debug|Any CPU = Debug|Any CPU
		Release|Any CPU = Release|Any CPU
	EndGlobalSection
	GlobalSection(ProjectConfigurationPlatforms) = postSolution
		{F2819469-638D-48E7-ACC1-2AB2F464582D}.Debug|Any CPU.ActiveCfg = Debug|Any CPU
		{F2819469-638D-48E7-ACC1-2AB2F464582D}.Debug|Any CPU.Build.0 = Debug|Any CPU
		{F2819469-638D-48E7-ACC1-2AB2F464582D}.Release|Any CPU.ActiveCfg = Release|Any CPU
		{F2819469-638D-48E7-ACC1-2AB2F464582D}.Release|Any CPU.Build.0 = Release|Any CPU
		{5A02ADB5-3B30-4E23-ABE2-88DC64A1AF7A}.Debug|Any CPU.ActiveCfg = Debug|Any CPU
		{5A02ADB5-3B30-4E23-ABE2-88DC64A1AF7A}.Debug|Any CPU.Build.0 = Debug|Any CPU
		{5A02ADB5-3B30-4E23-ABE2-88DC64A1AF7A}.Release|Any CPU.ActiveCfg = Release|Any CPU
		{5A02ADB5-3B30-4E23-ABE2-88DC64A1AF7A}.Release|Any CPU.Build.0 = Release|Any CPU
		{B5C1DC0B-8CF0-4CC5-996A-652F8FB8353E}.Debug|Any CPU.ActiveCfg = Debug|Any CPU
		{B5C1DC0B-8CF0-4CC5-996A-652F8FB8353E}.Debug|Any CPU.Build.0 = Debug|Any CPU
		{B5C1DC0B-8CF0-4CC5-996A-652F8FB8353E}.Release|Any CPU.ActiveCfg = Release|Any CPU
		{B5C1DC0B-8CF0-4CC5-996A-652F8FB8353E}.Release|Any CPU.Build.0 = Release|Any CPU
	EndGlobalSection
	GlobalSection(SolutionProperties) = preSolution
		HideSolutionNode = FALSE
	EndGlobalSection
	GlobalSection(ExtensibilityGlobals) = postSolution
		SolutionGuid = {D571AD8A-1AD8-4FAD-A69B-01BC9DF36B9A}
	EndGlobalSection
EndGlobal
